{
  "requires": true,
  "lockfileVersion": 1,
  "dependencies": {
    "atscntrb-hx-teaching-bucs": {
      "version": "1.0.8",
      "resolved": "https://registry.npmjs.org/atscntrb-hx-teaching-bucs/-/atscntrb-hx-teaching-bucs-1.0.8.tgz",
      "integrity": "sha512-X5f9pSC9GmYI1rO028nKHc6WQAq3CS98hJdy84EqVdLgPmIROjKp2c0vUsz0suEPw5+olcx5hk3h1XhdYXtwbA=="
    },
    "atscntrb-libjson-c": {
      "version": "1.0.3",
      "resolved": "https://registry.npmjs.org/atscntrb-libjson-c/-/atscntrb-libjson-c-1.0.3.tgz",
      "integrity": "sha512-BKqvdnY/2pdhlSnMy43c71uuyOBP9eCvS0LA9BaZ8zB96hzUmeMLjNQhx3fHq29IIZRgsOZ9dBkLacBAghPx3Q=="
    }
  }
}
